<?xml version="1.0" encoding="utf-8"?>
<Project ToolsVersion="4.0" xmlns="http://schemas.microsoft.com/developer/msbuild/2003">
  <ItemGroup>
    <Filter Include="Source Files">
      <UniqueIdentifier>{4FC737F1-C7A5-4376-A066-2A32D752A2FF}</UniqueIdentifier>
      <Extensions>cpp;c;cc;cxx;def;odl;idl;hpj;bat;asm;asmx</Extensions>
    </Filter>
    <Filter Include="Menus">
      <UniqueIdentifier>{4636d707-b531-4737-9497-ceb6ce81ca41}</UniqueIdentifier>
    </Filter>
    <Filter Include="Panels">
      <UniqueIdentifier>{88c98136-07d7-4a92-99f8-891db3dd9e70}</UniqueIdentifier>
    </Filter>
    <Filter Include="Game">
      <UniqueIdentifier>{026f283d-a480-4c53-ba40-8f1138fdff8b}</UniqueIdentifier>
    </Filter>
  </ItemGroup>
  <ItemGroup>
    <ClCompile Include="..\main.cpp">
      <Filter>Source Files</Filter>
    </ClCompile>
    <ClCompile Include="..\Console.cpp">
      <Filter>Source Files</Filter>
    </ClCompile>
    <ClCompile Include="..\Menus\ExitMenu.cpp">
      <Filter>Menus</Filter>
    </ClCompile>
    <ClCompile Include="..\Menus\MainMenu.cpp">
      <Filter>Menus</Filter>
    </ClCompile>
    <ClCompile Include="..\Menus\Menu.cpp">
      <Filter>Menus</Filter>
    </ClCompile>
    <ClCompile Include="..\Menus\StateMenu.cpp">
      <Filter>Menus</Filter>
    </ClCompile>
    <ClCompile Include="..\Panels\ExitPanel.cpp">
      <Filter>Panels</Filter>
    </ClCompile>
    <ClCompile Include="..\Panels\Panel.cpp">
      <Filter>Panels</Filter>
    </ClCompile>
    <ClCompile Include="..\Panels\StatePanel.cpp">
      <Filter>Panels</Filter>
    </ClCompile>
    <ClCompile Include="..\Panels\TimerPanel.cpp">
      <Filter>Panels</Filter>
    </ClCompile>
    <ClCompile Include="..\Game\BattleShip.cpp">
      <Filter>Game</Filter>
    </ClCompile>
    <ClCompile Include="..\Game\Bot.cpp">
      <Filter>Game</Filter>
    </ClCompile>
    <ClCompile Include="..\Game\Cell.cpp">
      <Filter>Game</Filter>
    </ClCompile>
    <ClCompile Include="..\Game\Game.cpp">
      <Filter>Game</Filter>
    </ClCompile>
    <ClCompile Include="..\Game\Field.cpp">
      <Filter>Game</Filter>
    </ClCompile>
    <ClCompile Include="..\Game\Ship.cpp">
      <Filter>Game</Filter>
    </ClCompile>
    <ClCompile Include="..\Game\FullCell.cpp">
      <Filter>Game</Filter>
    </ClCompile>
    <ClCompile Include="..\Game\EmptyCell.cpp">
      <Filter>Game</Filter>
    </ClCompile>
    <ClCompile Include="..\Config.cpp">
      <Filter>Source Files</Filter>
    </ClCompile>
  </ItemGroup>
  <ItemGroup>
    <ClInclude Include="..\Console.h">
      <Filter>Source Files</Filter>
    </ClInclude>
    <ClInclude Include="..\Menus\ExitMenu.h">
      <Filter>Menus</Filter>
    </ClInclude>
    <ClInclude Include="..\Menus\MainMenu.h">
      <Filter>Menus</Filter>
    </ClInclude>
    <ClInclude Include="..\Menus\Menu.h">
      <Filter>Menus</Filter>
    </ClInclude>
    <ClInclude Include="..\Menus\StateMenu.h">
      <Filter>Menus</Filter>
    </ClInclude>
    <ClInclude Include="..\Panels\ExitPanel.h">
      <Filter>Panels</Filter>
    </ClInclude>
    <ClInclude Include="..\Panels\Panel.h">
      <Filter>Panels</Filter>
    </ClInclude>
    <ClInclude Include="..\Panels\StatePanel.h">
      <Filter>Panels</Filter>
    </ClInclude>
    <ClInclude Include="..\Panels\TimerPanel.h">
      <Filter>Panels</Filter>
    </ClInclude>
    <ClInclude Include="..\Game\BattleShip.h">
      <Filter>Game</Filter>
    </ClInclude>
    <ClInclude Include="..\Game\Bot.h">
      <Filter>Game</Filter>
    </ClInclude>
    <ClInclude Include="..\Game\Cell.h">
      <Filter>Game</Filter>
    </ClInclude>
    <ClInclude Include="..\Game\Game.h">
      <Filter>Game</Filter>
    </ClInclude>
    <ClInclude Include="..\Game\Field.h">
      <Filter>Game</Filter>
    </ClInclude>
    <ClInclude Include="..\Game\Ship.h">
      <Filter>Game</Filter>
    </ClInclude>
    <ClInclude Include="..\Game\FullCell.h">
      <Filter>Game</Filter>
    </ClInclude>
    <ClInclude Include="..\Game\EmptyCell.h">
      <Filter>Game</Filter>
    </ClInclude>
    <ClInclude Include="..\Config.h">
      <Filter>Source Files</Filter>
    </ClInclude>
  </ItemGroup>
</Project>